Microsoft Visual Studio Solution File, Format Version 12.00
# Visual Studio 2012
Project("{FAE04EC0-301F-11D3-BF4B-00C04F79EFBC}") = "GJ23_SpaceEngineer.godot", "GJ23_SpaceEngineer.godot.csproj", "{7298202D-2A21-4589-B166-876068747892}"
EndProject
Global
	GlobalSection(SolutionConfigurationPlatforms) = preSolution
	Debug|Any CPU = Debug|Any CPU
	ExportDebug|Any CPU = ExportDebug|Any CPU
	ExportRelease|Any CPU = ExportRelease|Any CPU
	EndGlobalSection
	GlobalSection(ProjectConfigurationPlatforms) = postSolution
		{7298202D-2A21-4589-B166-876068747892}.Debug|Any CPU.ActiveCfg = Debug|Any CPU
		{7298202D-2A21-4589-B166-876068747892}.Debug|Any CPU.Build.0 = Debug|Any CPU
		{7298202D-2A21-4589-B166-876068747892}.ExportDebug|Any CPU.ActiveCfg = ExportDebug|Any CPU
		{7298202D-2A21-4589-B166-876068747892}.ExportDebug|Any CPU.Build.0 = ExportDebug|Any CPU
		{7298202D-2A21-4589-B166-876068747892}.ExportRelease|Any CPU.ActiveCfg = ExportRelease|Any CPU
		{7298202D-2A21-4589-B166-876068747892}.ExportRelease|Any CPU.Build.0 = ExportRelease|Any CPU
	EndGlobalSection
EndGlobal
